
Microsoft Visual Studio Solution File, Format Version 12.00
# Visual Studio Version 16
VisualStudioVersion = 16.0.30320.27
MinimumVisualStudioVersion = 10.0.40219.1
Project("{9A19103F-16F7-4668-BE54-9A1E7A4F7556}") = "QuantConnect.Logging.core", "Logging\QuantConnect.Logging.core.csproj", "{A20F5718-765E-4ECE-AFC4-13B63F291970}"
EndProject
Project("{9A19103F-16F7-4668-BE54-9A1E7A4F7556}") = "QuantConnect.Configuration.core", "Configuration\QuantConnect.Configuration.core.csproj", "{EF8A230F-0A9E-4330-9573-F5DB90597EF6}"
	ProjectSection(ProjectDependencies) = postProject
		{A20F5718-765E-4ECE-AFC4-13B63F291970} = {A20F5718-765E-4ECE-AFC4-13B63F291970}
	EndProjectSection
EndProject
Project("{9A19103F-16F7-4668-BE54-9A1E7A4F7556}") = "QuantConnect.core", "Common\QuantConnect.core.csproj", "{9F75E3B6-4B6B-454C-8260-E38DA86384F7}"
EndProject
Project("{9A19103F-16F7-4668-BE54-9A1E7A4F7556}") = "QuantConnect.Indicators.core", "Indicators\QuantConnect.Indicators.core.csproj", "{46627A03-043A-47D2-9D1C-06F1FBF58F2D}"
EndProject
Global
	GlobalSection(SolutionConfigurationPlatforms) = preSolution
		Debug|Any CPU = Debug|Any CPU
		Release|Any CPU = Release|Any CPU
	EndGlobalSection
	GlobalSection(ProjectConfigurationPlatforms) = postSolution
		{A20F5718-765E-4ECE-AFC4-13B63F291970}.Debug|Any CPU.ActiveCfg = Debug|Any CPU
		{A20F5718-765E-4ECE-AFC4-13B63F291970}.Debug|Any CPU.Build.0 = Debug|Any CPU
		{A20F5718-765E-4ECE-AFC4-13B63F291970}.Release|Any CPU.ActiveCfg = Release|Any CPU
		{A20F5718-765E-4ECE-AFC4-13B63F291970}.Release|Any CPU.Build.0 = Release|Any CPU
		{EF8A230F-0A9E-4330-9573-F5DB90597EF6}.Debug|Any CPU.ActiveCfg = Debug|Any CPU
		{EF8A230F-0A9E-4330-9573-F5DB90597EF6}.Debug|Any CPU.Build.0 = Debug|Any CPU
		{EF8A230F-0A9E-4330-9573-F5DB90597EF6}.Release|Any CPU.ActiveCfg = Release|Any CPU
		{EF8A230F-0A9E-4330-9573-F5DB90597EF6}.Release|Any CPU.Build.0 = Release|Any CPU
		{9F75E3B6-4B6B-454C-8260-E38DA86384F7}.Debug|Any CPU.ActiveCfg = Debug|Any CPU
		{9F75E3B6-4B6B-454C-8260-E38DA86384F7}.Debug|Any CPU.Build.0 = Debug|Any CPU
		{9F75E3B6-4B6B-454C-8260-E38DA86384F7}.Release|Any CPU.ActiveCfg = Release|Any CPU
		{9F75E3B6-4B6B-454C-8260-E38DA86384F7}.Release|Any CPU.Build.0 = Release|Any CPU
		{46627A03-043A-47D2-9D1C-06F1FBF58F2D}.Debug|Any CPU.ActiveCfg = Debug|Any CPU
		{46627A03-043A-47D2-9D1C-06F1FBF58F2D}.Debug|Any CPU.Build.0 = Debug|Any CPU
		{46627A03-043A-47D2-9D1C-06F1FBF58F2D}.Release|Any CPU.ActiveCfg = Release|Any CPU
		{46627A03-043A-47D2-9D1C-06F1FBF58F2D}.Release|Any CPU.Build.0 = Release|Any CPU
	EndGlobalSection
	GlobalSection(SolutionProperties) = preSolution
		HideSolutionNode = FALSE
	EndGlobalSection
	GlobalSection(ExtensibilityGlobals) = postSolution
		SolutionGuid = {09E2F16E-2CA9-443A-8B3B-C8DE74DEB420}
	EndGlobalSection
EndGlobal
